
Microsoft Visual Studio Solution File, Format Version 12.00
# Visual Studio 15
Project("{FAE04EC0-301F-11D3-BF4B-00C04F79EFBC}") = "Assembly-CSharp", "Assembly-CSharp.csproj", "{74A1D960-3A31-DF35-B16D-93808E3F7CB5}"
EndProject
Project("{FAE04EC0-301F-11D3-BF4B-00C04F79EFBC}") = "Assembly-CSharp-Editor", "Assembly-CSharp-Editor.csproj", "{BEAD4835-9135-4A05-4AAD-4F0376B44C54}"
EndProject
Global
	GlobalSection(SolutionConfigurationPlatforms) = preSolution
		Debug|Any CPU = Debug|Any CPU
		Release|Any CPU = Release|Any CPU
	EndGlobalSection
	GlobalSection(ProjectConfigurationPlatforms) = postSolution
		{74A1D960-3A31-DF35-B16D-93808E3F7CB5}.Debug|Any CPU.ActiveCfg = Debug|Any CPU
		{74A1D960-3A31-DF35-B16D-93808E3F7CB5}.Debug|Any CPU.Build.0 = Debug|Any CPU
		{74A1D960-3A31-DF35-B16D-93808E3F7CB5}.Release|Any CPU.ActiveCfg = Release|Any CPU
		{74A1D960-3A31-DF35-B16D-93808E3F7CB5}.Release|Any CPU.Build.0 = Release|Any CPU
		{BEAD4835-9135-4A05-4AAD-4F0376B44C54}.Debug|Any CPU.ActiveCfg = Debug|Any CPU
		{BEAD4835-9135-4A05-4AAD-4F0376B44C54}.Debug|Any CPU.Build.0 = Debug|Any CPU
		{BEAD4835-9135-4A05-4AAD-4F0376B44C54}.Release|Any CPU.ActiveCfg = Release|Any CPU
		{BEAD4835-9135-4A05-4AAD-4F0376B44C54}.Release|Any CPU.Build.0 = Release|Any CPU
	EndGlobalSection
	GlobalSection(SolutionProperties) = preSolution
		HideSolutionNode = FALSE
	EndGlobalSection
EndGlobal
